{
  "name": "sennaOh",
  "lockfileVersion": 2,
  "requires": true,
  "packages": {
    "": {
      "dependencies": {
        "@types/animejs": "^3.1.4",
        "animejs": "^3.2.1",
        "lottie-web": "^5.7.14"
      }
    },
    "node_modules/@types/animejs": {
      "version": "3.1.4",
      "resolved": "https://registry.npmjs.org/@types/animejs/-/animejs-3.1.4.tgz",
      "integrity": "sha512-WUjeFT2SXd6intfE6cg6eL1jk/JL88JqM2gC4WqO4iHLmbCvHUq6aoLK13lGpDWs4FtS2PHoYraJZ0dEx99Dyg=="
    },
    "node_modules/animejs": {
      "version": "3.2.1",
      "resolved": "https://registry.npmjs.org/animejs/-/animejs-3.2.1.tgz",
      "integrity": "sha512-sWno3ugFryK5nhiDm/2BKeFCpZv7vzerWUcUPyAZLDhMek3+S/p418ldZJbJXo5ZUOpfm2kP2XRO4NJcULMy9A=="
    },
    "node_modules/lottie-web": {
      "version": "5.7.14",
      "resolved": "https://registry.npmjs.org/lottie-web/-/lottie-web-5.7.14.tgz",
      "integrity": "sha512-J+QEPse7Rws0XvTqRJNtcE8cszb5FWYFHubEK6bgDJtw64/AQJ40aazbWXsWGBM4sm/PgLBLgmmhDU4QpLiieg=="
    }
  },
  "dependencies": {
    "@types/animejs": {
      "version": "3.1.4",
      "resolved": "https://registry.npmjs.org/@types/animejs/-/animejs-3.1.4.tgz",
      "integrity": "sha512-WUjeFT2SXd6intfE6cg6eL1jk/JL88JqM2gC4WqO4iHLmbCvHUq6aoLK13lGpDWs4FtS2PHoYraJZ0dEx99Dyg=="
    },
    "animejs": {
      "version": "3.2.1",
      "resolved": "https://registry.npmjs.org/animejs/-/animejs-3.2.1.tgz",
      "integrity": "sha512-sWno3ugFryK5nhiDm/2BKeFCpZv7vzerWUcUPyAZLDhMek3+S/p418ldZJbJXo5ZUOpfm2kP2XRO4NJcULMy9A=="
    },
    "lottie-web": {
      "version": "5.7.14",
      "resolved": "https://registry.npmjs.org/lottie-web/-/lottie-web-5.7.14.tgz",
      "integrity": "sha512-J+QEPse7Rws0XvTqRJNtcE8cszb5FWYFHubEK6bgDJtw64/AQJ40aazbWXsWGBM4sm/PgLBLgmmhDU4QpLiieg=="
    }
  }
}
